// !$*UTF8*$!
{
	archiveVersion = 1;
	classes = {
	};
	objectVersion = 46;
	objects = {

/* Begin PBXBuildFile section */
		2981C60B1C43B6E0003D2347 /* main.m in Sources */ = {isa = PBXBuildFile; fileRef = 2981C60A1C43B6E0003D2347 /* main.m */; };
		2981C60E1C43B6E0003D2347 /* AppDelegate.m in Sources */ = {isa = PBXBuildFile; fileRef = 2981C60D1C43B6E0003D2347 /* AppDelegate.m */; };
		2981C6111C43B6E0003D2347 /* ViewController.m in Sources */ = {isa = PBXBuildFile; fileRef = 2981C6101C43B6E0003D2347 /* ViewController.m */; };
		2981C6141C43B6E0003D2347 /* Main.storyboard in Resources */ = {isa = PBXBuildFile; fileRef = 2981C6121C43B6E0003D2347 /* Main.storyboard */; };
		2981C6161C43B6E0003D2347 /* Images.xcassets in Resources */ = {isa = PBXBuildFile; fileRef = 2981C6151C43B6E0003D2347 /* Images.xcassets */; };
		2981C6191C43B6E0003D2347 /* LaunchScreen.xib in Resources */ = {isa = PBXBuildFile; fileRef = 2981C6171C43B6E0003D2347 /* LaunchScreen.xib */; };
		2981C6251C43B6E0003D2347 /* truegrowthtwoTests.m in Sources */ = {isa = PBXBuildFile; fileRef = 2981C6241C43B6E0003D2347 /* truegrowthtwoTests.m */; };
		2981C6301C43BBAF003D2347 /* NewsController.m in Sources */ = {isa = PBXBuildFile; fileRef = 2981C62F1C43BBAF003D2347 /* NewsController.m */; };
		2981C6361C43BFED003D2347 /* fruit_melon.jpg in Resources */ = {isa = PBXBuildFile; fileRef = 2981C6311C43BFED003D2347 /* fruit_melon.jpg */; };
		2981C6371C43BFED003D2347 /* fruit_blueberry.jpg in Resources */ = {isa = PBXBuildFile; fileRef = 2981C6321C43BFED003D2347 /* fruit_blueberry.jpg */; };
		2981C6381C43BFED003D2347 /* fruit_grapes.jpg in Resources */ = {isa = PBXBuildFile; fileRef = 2981C6331C43BFED003D2347 /* fruit_grapes.jpg */; };
		2981C6391C43BFED003D2347 /* fruit_orange.jpg in Resources */ = {isa = PBXBuildFile; fileRef = 2981C6341C43BFED003D2347 /* fruit_orange.jpg */; };
		2981C63A1C43BFED003D2347 /* fruit_apple.jpg in Resources */ = {isa = PBXBuildFile; fileRef = 2981C6351C43BFED003D2347 /* fruit_apple.jpg */; };
/* End PBXBuildFile section */

/* Begin PBXContainerItemProxy section */
		2981C61F1C43B6E0003D2347 /* PBXContainerItemProxy */ = {
			isa = PBXContainerItemProxy;
			containerPortal = 2981C5FD1C43B6E0003D2347 /* Project object */;
			proxyType = 1;
			remoteGlobalIDString = 2981C6041C43B6E0003D2347;
			remoteInfo = truegrowthtwo;
		};
/* End PBXContainerItemProxy section */

/* Begin PBXFileReference section */
		2981C6051C43B6E0003D2347 /* truegrowthtwo.app */ = {isa = PBXFileReference; explicitFileType = wrapper.application; includeInIndex = 0; path = truegrowthtwo.app; sourceTree = BUILT_PRODUCTS_DIR; };
		2981C6091C43B6E0003D2347 /* Info.plist */ = {isa = PBXFileReference; lastKnownFileType = text.plist.xml; path = Info.plist; sourceTree = "<group>"; };
		2981C60A1C43B6E0003D2347 /* main.m */ = {isa = PBXFileReference; lastKnownFileType = sourcecode.c.objc; path = main.m; sourceTree = "<group>"; };
		2981C60C1C43B6E0003D2347 /* AppDelegate.h */ = {isa = PBXFileReference; lastKnownFileType = sourcecode.c.h; path = AppDelegate.h; sourceTree = "<group>"; };
		2981C60D1C43B6E0003D2347 /* AppDelegate.m */ = {isa = PBXFileReference; lastKnownFileType = sourcecode.c.objc; path = AppDelegate.m; sourceTree = "<group>"; };
		2981C60F1C43B6E0003D2347 /* ViewController.h */ = {isa = PBXFileReference; lastKnownFileType = sourcecode.c.h; path = ViewController.h; sourceTree = "<group>"; };
		2981C6101C43B6E0003D2347 /* ViewController.m */ = {isa = PBXFileReference; lastKnownFileType = sourcecode.c.objc; path = ViewController.m; sourceTree = "<group>"; };
		2981C6131C43B6E0003D2347 /* Base */ = {isa = PBXFileReference; lastKnownFileType = file.storyboard; name = Base; path = Base.lproj/Main.storyboard; sourceTree = "<group>"; };
		2981C6151C43B6E0003D2347 /* Images.xcassets */ = {isa = PBXFileReference; lastKnownFileType = folder.assetcatalog; path = Images.xcassets; sourceTree = "<group>"; };
		2981C6181C43B6E0003D2347 /* Base */ = {isa = PBXFileReference; lastKnownFileType = file.xib; name = Base; path = Base.lproj/LaunchScreen.xib; sourceTree = "<group>"; };
		2981C61E1C43B6E0003D2347 /* truegrowthtwoTests.xctest */ = {isa = PBXFileReference; explicitFileType = wrapper.cfbundle; includeInIndex = 0; path = truegrowthtwoTests.xctest; sourceTree = BUILT_PRODUCTS_DIR; };
		2981C6231C43B6E0003D2347 /* Info.plist */ = {isa = PBXFileReference; lastKnownFileType = text.plist.xml; path = Info.plist; sourceTree = "<group>"; };
		2981C6241C43B6E0003D2347 /* truegrowthtwoTests.m */ = {isa = PBXFileReference; lastKnownFileType = sourcecode.c.objc; path = truegrowthtwoTests.m; sourceTree = "<group>"; };
		2981C62E1C43BBAF003D2347 /* NewsController.h */ = {isa = PBXFileReference; fileEncoding = 4; lastKnownFileType = sourcecode.c.h; path = NewsController.h; sourceTree = "<group>"; };
		2981C62F1C43BBAF003D2347 /* NewsController.m */ = {isa = PBXFileReference; fileEncoding = 4; lastKnownFileType = sourcecode.c.objc; path = NewsController.m; sourceTree = "<group>"; };
		2981C6311C43BFED003D2347 /* fruit_melon.jpg */ = {isa = PBXFileReference; lastKnownFileType = image.jpeg; path = fruit_melon.jpg; sourceTree = "<group>"; };
		2981C6321C43BFED003D2347 /* fruit_blueberry.jpg */ = {isa = PBXFileReference; lastKnownFileType = image.jpeg; path = fruit_blueberry.jpg; sourceTree = "<group>"; };
		2981C6331C43BFED003D2347 /* fruit_grapes.jpg */ = {isa = PBXFileReference; lastKnownFileType = image.jpeg; path = fruit_grapes.jpg; sourceTree = "<group>"; };
		2981C6341C43BFED003D2347 /* fruit_orange.jpg */ = {isa = PBXFileReference; lastKnownFileType = image.jpeg; path = fruit_orange.jpg; sourceTree = "<group>"; };
		2981C6351C43BFED003D2347 /* fruit_apple.jpg */ = {isa = PBXFileReference; lastKnownFileType = image.jpeg; path = fruit_apple.jpg; sourceTree = "<group>"; };
/* End PBXFileReference section */

/* Begin PBXFrameworksBuildPhase section */
		2981C6021C43B6E0003D2347 /* Frameworks */ = {
			isa = PBXFrameworksBuildPhase;
			buildActionMask = 2147483647;
			files = (
			);
			runOnlyForDeploymentPostprocessing = 0;
		};
		2981C61B1C43B6E0003D2347 /* Frameworks */ = {
			isa = PBXFrameworksBuildPhase;
			buildActionMask = 2147483647;
			files = (
			);
			runOnlyForDeploymentPostprocessing = 0;
		};
/* End PBXFrameworksBuildPhase section */

/* Begin PBXGroup section */
		2981C5FC1C43B6E0003D2347 = {
			isa = PBXGroup;
			children = (
				2981C6071C43B6E0003D2347 /* truegrowthtwo */,
				2981C6211C43B6E0003D2347 /* truegrowthtwoTests */,
				2981C6061C43B6E0003D2347 /* Products */,
			);
			sourceTree = "<group>";
		};
		2981C6061C43B6E0003D2347 /* Products */ = {
			isa = PBXGroup;
			children = (
				2981C6051C43B6E0003D2347 /* truegrowthtwo.app */,
				2981C61E1C43B6E0003D2347 /* truegrowthtwoTests.xctest */,
			);
			name = Products;
			sourceTree = "<group>";
		};
		2981C6071C43B6E0003D2347 /* truegrowthtwo */ = {
			isa = PBXGroup;
			children = (
				2981C60C1C43B6E0003D2347 /* AppDelegate.h */,
				2981C60D1C43B6E0003D2347 /* AppDelegate.m */,
				2981C60F1C43B6E0003D2347 /* ViewController.h */,
				2981C6101C43B6E0003D2347 /* ViewController.m */,
				2981C6121C43B6E0003D2347 /* Main.storyboard */,
				2981C62E1C43BBAF003D2347 /* NewsController.h */,
				2981C62F1C43BBAF003D2347 /* NewsController.m */,
				2981C6151C43B6E0003D2347 /* Images.xcassets */,
				2981C6311C43BFED003D2347 /* fruit_melon.jpg */,
				2981C6321C43BFED003D2347 /* fruit_blueberry.jpg */,
				2981C6331C43BFED003D2347 /* fruit_grapes.jpg */,
				2981C6341C43BFED003D2347 /* fruit_orange.jpg */,
				2981C6351C43BFED003D2347 /* fruit_apple.jpg */,
				2981C6171C43B6E0003D2347 /* LaunchScreen.xib */,
				2981C6081C43B6E0003D2347 /* Supporting Files */,
			);
			path = truegrowthtwo;
			sourceTree = "<group>";
		};
		2981C6081C43B6E0003D2347 /* Supporting Files */ = {
			isa = PBXGroup;
			children = (
				2981C6091C43B6E0003D2347 /* Info.plist */,
				2981C60A1C43B6E0003D2347 /* main.m */,
			);
			name = "Supporting Files";
			sourceTree = "<group>";
		};
		2981C6211C43B6E0003D2347 /* truegrowthtwoTests */ = {
			isa = PBXGroup;
			children = (
				2981C6241C43B6E0003D2347 /* truegrowthtwoTests.m */,
				2981C6221C43B6E0003D2347 /* Supporting Files */,
			);
			path = truegrowthtwoTests;
			sourceTree = "<group>";
		};
		2981C6221C43B6E0003D2347 /* Supporting Files */ = {
			isa = PBXGroup;
			children = (
				2981C6231C43B6E0003D2347 /* Info.plist */,
			);
			name = "Supporting Files";
			sourceTree = "<group>";
		};
/* End PBXGroup section */

/* Begin PBXNativeTarget section */
		2981C6041C43B6E0003D2347 /* truegrowthtwo */ = {
			isa = PBXNativeTarget;
			buildConfigurationList = 2981C6281C43B6E0003D2347 /* Build configuration list for PBXNativeTarget "truegrowthtwo" */;
			buildPhases = (
				2981C6011C43B6E0003D2347 /* Sources */,
				2981C6021C43B6E0003D2347 /* Frameworks */,
				2981C6031C43B6E0003D2347 /* Resources */,
			);
			buildRules = (
			);
			dependencies = (
			);
			name = truegrowthtwo;
			productName = truegrowthtwo;
			productReference = 2981C6051C43B6E0003D2347 /* truegrowthtwo.app */;
			productType = "com.apple.product-type.application";
		};
		2981C61D1C43B6E0003D2347 /* truegrowthtwoTests */ = {
			isa = PBXNativeTarget;
			buildConfigurationList = 2981C62B1C43B6E0003D2347 /* Build configuration list for PBXNativeTarget "truegrowthtwoTests" */;
			buildPhases = (
				2981C61A1C43B6E0003D2347 /* Sources */,
				2981C61B1C43B6E0003D2347 /* Frameworks */,
				2981C61C1C43B6E0003D2347 /* Resources */,
			);
			buildRules = (
			);
			dependencies = (
				2981C6201C43B6E0003D2347 /* PBXTargetDependency */,
			);
			name = truegrowthtwoTests;
			productName = truegrowthtwoTests;
			productReference = 2981C61E1C43B6E0003D2347 /* truegrowthtwoTests.xctest */;
			productType = "com.apple.product-type.bundle.unit-test";
		};
/* End PBXNativeTarget section */

/* Begin PBXProject section */
		2981C5FD1C43B6E0003D2347 /* Project object */ = {
			isa = PBXProject;
			attributes = {
				LastUpgradeCheck = 0610;
				ORGANIZATIONNAME = Robco;
				TargetAttributes = {
					2981C6041C43B6E0003D2347 = {
						CreatedOnToolsVersion = 6.1.1;
					};
					2981C61D1C43B6E0003D2347 = {
						CreatedOnToolsVersion = 6.1.1;
						TestTargetID = 2981C6041C43B6E0003D2347;
					};
				};
			};
			buildConfigurationList = 2981C6001C43B6E0003D2347 /* Build configuration list for PBXProject "truegrowthtwo" */;
			compatibilityVersion = "Xcode 3.2";
			developmentRegion = English;
			hasScannedForEncodings = 0;
			knownRegions = (
				en,
				Base,
			);
			mainGroup = 2981C5FC1C43B6E0003D2347;
			productRefGroup = 2981C6061C43B6E0003D2347 /* Products */;
			projectDirPath = "";
			projectRoot = "";
			targets = (
				2981C6041C43B6E0003D2347 /* truegrowthtwo */,
				2981C61D1C43B6E0003D2347 /* truegrowthtwoTests */,
			);
		};
/* End PBXProject section */

/* Begin PBXResourcesBuildPhase section */
		2981C6031C43B6E0003D2347 /* Resources */ = {
			isa = PBXResourcesBuildPhase;
			buildActionMask = 2147483647;
			files = (
				2981C6141C43B6E0003D2347 /* Main.storyboard in Resources */,
				2981C63A1C43BFED003D2347 /* fruit_apple.jpg in Resources */,
				2981C6191C43B6E0003D2347 /* LaunchScreen.xib in Resources */,
				2981C6381C43BFED003D2347 /* fruit_grapes.jpg in Resources */,
				2981C6371C43BFED003D2347 /* fruit_blueberry.jpg in Resources */,
				2981C6391C43BFED003D2347 /* fruit_orange.jpg in Resources */,
				2981C6361C43BFED003D2347 /* fruit_melon.jpg in Resources */,
				2981C6161C43B6E0003D2347 /* Images.xcassets in Resources */,
			);
			runOnlyForDeploymentPostprocessing = 0;
		};
		2981C61C1C43B6E0003D2347 /* Resources */ = {
			isa = PBXResourcesBuildPhase;
			buildActionMask = 2147483647;
			files = (
			);
			runOnlyForDeploymentPostprocessing = 0;
		};
/* End PBXResourcesBuildPhase section */

/* Begin PBXSourcesBuildPhase section */
		2981C6011C43B6E0003D2347 /* Sources */ = {
			isa = PBXSourcesBuildPhase;
			buildActionMask = 2147483647;
			files = (
				2981C6301C43BBAF003D2347 /* NewsController.m in Sources */,
				2981C6111C43B6E0003D2347 /* ViewController.m in Sources */,
				2981C60E1C43B6E0003D2347 /* AppDelegate.m in Sources */,
				2981C60B1C43B6E0003D2347 /* main.m in Sources */,
			);
			runOnlyForDeploymentPostprocessing = 0;
		};
		2981C61A1C43B6E0003D2347 /* Sources */ = {
			isa = PBXSourcesBuildPhase;
			buildActionMask = 2147483647;
			files = (
				2981C6251C43B6E0003D2347 /* truegrowthtwoTests.m in Sources */,
			);
			runOnlyForDeploymentPostprocessing = 0;
		};
/* End PBXSourcesBuildPhase section */

/* Begin PBXTargetDependency section */
		2981C6201C43B6E0003D2347 /* PBXTargetDependency */ = {
			isa = PBXTargetDependency;
			target = 2981C6041C43B6E0003D2347 /* truegrowthtwo */;
			targetProxy = 2981C61F1C43B6E0003D2347 /* PBXContainerItemProxy */;
		};
/* End PBXTargetDependency section */

/* Begin PBXVariantGroup section */
		2981C6121C43B6E0003D2347 /* Main.storyboard */ = {
			isa = PBXVariantGroup;
			children = (
				2981C6131C43B6E0003D2347 /* Base */,
			);
			name = Main.storyboard;
			sourceTree = "<group>";
		};
		2981C6171C43B6E0003D2347 /* LaunchScreen.xib */ = {
			isa = PBXVariantGroup;
			children = (
				2981C6181C43B6E0003D2347 /* Base */,
			);
			name = LaunchScreen.xib;
			sourceTree = "<group>";
		};
/* End PBXVariantGroup section */

/* Begin XCBuildConfiguration section */
		2981C6261C43B6E0003D2347 /* Debug */ = {
			isa = XCBuildConfiguration;
			buildSettings = {
				ALWAYS_SEARCH_USER_PATHS = NO;
				CLANG_CXX_LANGUAGE_STANDARD = "gnu++0x";
				CLANG_CXX_LIBRARY = "libc++";
				CLANG_ENABLE_MODULES = YES;
				CLANG_ENABLE_OBJC_ARC = YES;
				CLANG_WARN_BOOL_CONVERSION = YES;
				CLANG_WARN_CONSTANT_CONVERSION = YES;
				CLANG_WARN_DIRECT_OBJC_ISA_USAGE = YES_ERROR;
				CLANG_WARN_EMPTY_BODY = YES;
				CLANG_WARN_ENUM_CONVERSION = YES;
				CLANG_WARN_INT_CONVERSION = YES;
				CLANG_WARN_OBJC_ROOT_CLASS = YES_ERROR;
				CLANG_WARN_UNREACHABLE_CODE = YES;
				CLANG_WARN__DUPLICATE_METHOD_MATCH = YES;
				"CODE_SIGN_IDENTITY[sdk=iphoneos*]" = "iPhone Developer";
				COPY_PHASE_STRIP = NO;
				ENABLE_STRICT_OBJC_MSGSEND = YES;
				GCC_C_LANGUAGE_STANDARD = gnu99;
				GCC_DYNAMIC_NO_PIC = NO;
				GCC_OPTIMIZATION_LEVEL = 0;
				GCC_PREPROCESSOR_DEFINITIONS = (
					"DEBUG=1",
					"$(inherited)",
				);
				GCC_SYMBOLS_PRIVATE_EXTERN = NO;
				GCC_WARN_64_TO_32_BIT_CONVERSION = YES;
				GCC_WARN_ABOUT_RETURN_TYPE = YES_ERROR;
				GCC_WARN_UNDECLARED_SELECTOR = YES;
				GCC_WARN_UNINITIALIZED_AUTOS = YES_AGGRESSIVE;
				GCC_WARN_UNUSED_FUNCTION = YES;
				GCC_WARN_UNUSED_VARIABLE = YES;
				IPHONEOS_DEPLOYMENT_TARGET = 8.1;
				MTL_ENABLE_DEBUG_INFO = YES;
				ONLY_ACTIVE_ARCH = YES;
				SDKROOT = iphoneos;
			};
			name = Debug;
		};
		2981C6271C43B6E0003D2347 /* Release */ = {
			isa = XCBuildConfiguration;
			buildSettings = {
				ALWAYS_SEARCH_USER_PATHS = NO;
				CLANG_CXX_LANGUAGE_STANDARD = "gnu++0x";
				CLANG_CXX_LIBRARY = "libc++";
				CLANG_ENABLE_MODULES = YES;
				CLANG_ENABLE_OBJC_ARC = YES;
				CLANG_WARN_BOOL_CONVERSION = YES;
				CLANG_WARN_CONSTANT_CONVERSION = YES;
				CLANG_WARN_DIRECT_OBJC_ISA_USAGE = YES_ERROR;
				CLANG_WARN_EMPTY_BODY = YES;
				CLANG_WARN_ENUM_CONVERSION = YES;
				CLANG_WARN_INT_CONVERSION = YES;
				CLANG_WARN_OBJC_ROOT_CLASS = YES_ERROR;
				CLANG_WARN_UNREACHABLE_CODE = YES;
				CLANG_WARN__DUPLICATE_METHOD_MATCH = YES;
				"CODE_SIGN_IDENTITY[sdk=iphoneos*]" = "iPhone Developer";
				COPY_PHASE_STRIP = YES;
				ENABLE_NS_ASSERTIONS = NO;
				ENABLE_STRICT_OBJC_MSGSEND = YES;
				GCC_C_LANGUAGE_STANDARD = gnu99;
				GCC_WARN_64_TO_32_BIT_CONVERSION = YES;
				GCC_WARN_ABOUT_RETURN_TYPE = YES_ERROR;
				GCC_WARN_UNDECLARED_SELECTOR = YES;
				GCC_WARN_UNINITIALIZED_AUTOS = YES_AGGRESSIVE;
				GCC_WARN_UNUSED_FUNCTION = YES;
				GCC_WARN_UNUSED_VARIABLE = YES;
				IPHONEOS_DEPLOYMENT_TARGET = 8.1;
				MTL_ENABLE_DEBUG_INFO = NO;
				SDKROOT = iphoneos;
				VALIDATE_PRODUCT = YES;
			};
			name = Release;
		};
		2981C6291C43B6E0003D2347 /* Debug */ = {
			isa = XCBuildConfiguration;
			buildSettings = {
				ASSETCATALOG_COMPILER_APPICON_NAME = AppIcon;
				INFOPLIST_FILE = truegrowthtwo/Info.plist;
				LD_RUNPATH_SEARCH_PATHS = "$(inherited) @executable_path/Frameworks";
				PRODUCT_NAME = "$(TARGET_NAME)";
			};
			name = Debug;
		};
		2981C62A1C43B6E0003D2347 /* Release */ = {
			isa = XCBuildConfiguration;
			buildSettings = {
				ASSETCATALOG_COMPILER_APPICON_NAME = AppIcon;
				INFOPLIST_FILE = truegrowthtwo/Info.plist;
				LD_RUNPATH_SEARCH_PATHS = "$(inherited) @executable_path/Frameworks";
				PRODUCT_NAME = "$(TARGET_NAME)";
			};
			name = Release;
		};
		2981C62C1C43B6E0003D2347 /* Debug */ = {
			isa = XCBuildConfiguration;
			buildSettings = {
				BUNDLE_LOADER = "$(TEST_HOST)";
				FRAMEWORK_SEARCH_PATHS = (
					"$(SDKROOT)/Developer/Library/Frameworks",
					"$(inherited)",
				);
				GCC_PREPROCESSOR_DEFINITIONS = (
					"DEBUG=1",
					"$(inherited)",
				);
				INFOPLIST_FILE = truegrowthtwoTests/Info.plist;
				LD_RUNPATH_SEARCH_PATHS = "$(inherited) @executable_path/Frameworks @loader_path/Frameworks";
				PRODUCT_NAME = "$(TARGET_NAME)";
				TEST_HOST = "$(BUILT_PRODUCTS_DIR)/truegrowthtwo.app/truegrowthtwo";
			};
			name = Debug;
		};
		2981C62D1C43B6E0003D2347 /* Release */ = {
			isa = XCBuildConfiguration;
			buildSettings = {
				BUNDLE_LOADER = "$(TEST_HOST)";
				FRAMEWORK_SEARCH_PATHS = (
					"$(SDKROOT)/Developer/Library/Frameworks",
					"$(inherited)",
				);
				INFOPLIST_FILE = truegrowthtwoTests/Info.plist;
				LD_RUNPATH_SEARCH_PATHS = "$(inherited) @executable_path/Frameworks @loader_path/Frameworks";
				PRODUCT_NAME = "$(TARGET_NAME)";
				TEST_HOST = "$(BUILT_PRODUCTS_DIR)/truegrowthtwo.app/truegrowthtwo";
			};
			name = Release;
		};
/* End XCBuildConfiguration section */

/* Begin XCConfigurationList section */
		2981C6001C43B6E0003D2347 /* Build configuration list for PBXProject "truegrowthtwo" */ = {
			isa = XCConfigurationList;
			buildConfigurations = (
				2981C6261C43B6E0003D2347 /* Debug */,
				2981C6271C43B6E0003D2347 /* Release */,
			);
			defaultConfigurationIsVisible = 0;
			defaultConfigurationName = Release;
		};
		2981C6281C43B6E0003D2347 /* Build configuration list for PBXNativeTarget "truegrowthtwo" */ = {
			isa = XCConfigurationList;
			buildConfigurations = (
				2981C6291C43B6E0003D2347 /* Debug */,
				2981C62A1C43B6E0003D2347 /* Release */,
			);
			defaultConfigurationIsVisible = 0;
			defaultConfigurationName = Release;
		};
		2981C62B1C43B6E0003D2347 /* Build configuration list for PBXNativeTarget "truegrowthtwoTests" */ = {
			isa = XCConfigurationList;
			buildConfigurations = (
				2981C62C1C43B6E0003D2347 /* Debug */,
				2981C62D1C43B6E0003D2347 /* Release */,
			);
			defaultConfigurationIsVisible = 0;
			defaultConfigurationName = Release;
		};
/* End XCConfigurationList section */
	};
	rootObject = 2981C5FD1C43B6E0003D2347 /* Project object */;
}
